
Microsoft Visual Studio Solution File, Format Version 12.00
# Visual Studio Version 17
VisualStudioVersion = 17.7.34202.233
MinimumVisualStudioVersion = 10.0.40219.1
Project("{FAE04EC0-301F-11D3-BF4B-00C04F79EFBC}") = "Chess", "Chess.csproj", "{6A9649E3-B722-48F1-8CD0-BEDFD393D814}"
EndProject
Global
	GlobalSection(SolutionConfigurationPlatforms) = preSolution
		Debug|Any CPU = Debug|Any CPU
		Release|Any CPU = Release|Any CPU
	EndGlobalSection
	GlobalSection(ProjectConfigurationPlatforms) = postSolution
		{6A9649E3-B722-48F1-8CD0-BEDFD393D814}.Debug|Any CPU.ActiveCfg = Debug|Any CPU
		{6A9649E3-B722-48F1-8CD0-BEDFD393D814}.Debug|Any CPU.Build.0 = Debug|Any CPU
		{6A9649E3-B722-48F1-8CD0-BEDFD393D814}.Release|Any CPU.ActiveCfg = Release|Any CPU
		{6A9649E3-B722-48F1-8CD0-BEDFD393D814}.Release|Any CPU.Build.0 = Release|Any CPU
	EndGlobalSection
	GlobalSection(SolutionProperties) = preSolution
		HideSolutionNode = FALSE
	EndGlobalSection
	GlobalSection(ExtensibilityGlobals) = postSolution
		SolutionGuid = {6868786A-8E27-447B-88F9-13C7F6AFD774}
	EndGlobalSection
EndGlobal
